
Microsoft Visual Studio Solution File, Format Version 12.00
# Visual Studio Version 16
VisualStudioVersion = 16.0.30320.27
MinimumVisualStudioVersion = 10.0.40219.1
Project("{FAE04EC0-301F-11D3-BF4B-00C04F79EFBC}") = "TransactionMVC", "TransactionMVC\TransactionMVC.csproj", "{87D5D256-BE89-4610-8CF5-F0E8AF540800}"
EndProject
Project("{FAE04EC0-301F-11D3-BF4B-00C04F79EFBC}") = "DAL", "DAL\DAL.csproj", "{91D09C89-2957-43D3-BD84-E299C949C412}"
EndProject
Project("{FAE04EC0-301F-11D3-BF4B-00C04F79EFBC}") = "BL", "BL\BL.csproj", "{B8EF9CF6-3207-4F8F-B3D0-E375B8320E98}"
EndProject
Global
	GlobalSection(SolutionConfigurationPlatforms) = preSolution
		Debug|Any CPU = Debug|Any CPU
		Release|Any CPU = Release|Any CPU
	EndGlobalSection
	GlobalSection(ProjectConfigurationPlatforms) = postSolution
		{87D5D256-BE89-4610-8CF5-F0E8AF540800}.Debug|Any CPU.ActiveCfg = Debug|Any CPU
		{87D5D256-BE89-4610-8CF5-F0E8AF540800}.Debug|Any CPU.Build.0 = Debug|Any CPU
		{87D5D256-BE89-4610-8CF5-F0E8AF540800}.Release|Any CPU.ActiveCfg = Release|Any CPU
		{87D5D256-BE89-4610-8CF5-F0E8AF540800}.Release|Any CPU.Build.0 = Release|Any CPU
		{91D09C89-2957-43D3-BD84-E299C949C412}.Debug|Any CPU.ActiveCfg = Debug|Any CPU
		{91D09C89-2957-43D3-BD84-E299C949C412}.Debug|Any CPU.Build.0 = Debug|Any CPU
		{91D09C89-2957-43D3-BD84-E299C949C412}.Release|Any CPU.ActiveCfg = Release|Any CPU
		{91D09C89-2957-43D3-BD84-E299C949C412}.Release|Any CPU.Build.0 = Release|Any CPU
		{B8EF9CF6-3207-4F8F-B3D0-E375B8320E98}.Debug|Any CPU.ActiveCfg = Debug|Any CPU
		{B8EF9CF6-3207-4F8F-B3D0-E375B8320E98}.Debug|Any CPU.Build.0 = Debug|Any CPU
		{B8EF9CF6-3207-4F8F-B3D0-E375B8320E98}.Release|Any CPU.ActiveCfg = Release|Any CPU
		{B8EF9CF6-3207-4F8F-B3D0-E375B8320E98}.Release|Any CPU.Build.0 = Release|Any CPU
	EndGlobalSection
	GlobalSection(SolutionProperties) = preSolution
		HideSolutionNode = FALSE
	EndGlobalSection
	GlobalSection(ExtensibilityGlobals) = postSolution
		SolutionGuid = {A3DCAD08-56C5-460F-A4A7-0CB8CE061A1A}
	EndGlobalSection
EndGlobal
